
Microsoft Visual Studio Solution File, Format Version 12.00
# Visual Studio Version 16
VisualStudioVersion = 16.0.31321.278
MinimumVisualStudioVersion = 10.0.40219.1
Project("{FAE04EC0-301F-11D3-BF4B-00C04F79EFBC}") = "SessiaBaryshev", "SessiaBaryshev\SessiaBaryshev.csproj", "{1A9DB4EF-A903-4F35-B232-814492A299E4}"
EndProject
Global
	GlobalSection(SolutionConfigurationPlatforms) = preSolution
		Debug|Any CPU = Debug|Any CPU
		Release|Any CPU = Release|Any CPU
	EndGlobalSection
	GlobalSection(ProjectConfigurationPlatforms) = postSolution
		{1A9DB4EF-A903-4F35-B232-814492A299E4}.Debug|Any CPU.ActiveCfg = Debug|Any CPU
		{1A9DB4EF-A903-4F35-B232-814492A299E4}.Debug|Any CPU.Build.0 = Debug|Any CPU
		{1A9DB4EF-A903-4F35-B232-814492A299E4}.Release|Any CPU.ActiveCfg = Release|Any CPU
		{1A9DB4EF-A903-4F35-B232-814492A299E4}.Release|Any CPU.Build.0 = Release|Any CPU
	EndGlobalSection
	GlobalSection(SolutionProperties) = preSolution
		HideSolutionNode = FALSE
	EndGlobalSection
	GlobalSection(ExtensibilityGlobals) = postSolution
		SolutionGuid = {81627975-878B-404A-9710-49EA8817FC1D}
	EndGlobalSection
EndGlobal
